
Microsoft Visual Studio Solution File, Format Version 12.00
# Visual Studio 15
VisualStudioVersion = 15.0.27004.2005
MinimumVisualStudioVersion = 10.0.40219.1
Project("{FAE04EC0-301F-11D3-BF4B-00C04F79EFBC}") = "Temporal Narrative", "Temporal Narrative\Temporal Narrative.csproj", "{88747112-EE6A-425C-90A2-313E655B497A}"
EndProject
Global
	GlobalSection(SolutionConfigurationPlatforms) = preSolution
		Debug|Any CPU = Debug|Any CPU
		Release|Any CPU = Release|Any CPU
	EndGlobalSection
	GlobalSection(ProjectConfigurationPlatforms) = postSolution
		{88747112-EE6A-425C-90A2-313E655B497A}.Debug|Any CPU.ActiveCfg = Debug|Any CPU
		{88747112-EE6A-425C-90A2-313E655B497A}.Debug|Any CPU.Build.0 = Debug|Any CPU
		{88747112-EE6A-425C-90A2-313E655B497A}.Release|Any CPU.ActiveCfg = Release|Any CPU
		{88747112-EE6A-425C-90A2-313E655B497A}.Release|Any CPU.Build.0 = Release|Any CPU
	EndGlobalSection
	GlobalSection(SolutionProperties) = preSolution
		HideSolutionNode = FALSE
	EndGlobalSection
	GlobalSection(ExtensibilityGlobals) = postSolution
		SolutionGuid = {44D33890-7B93-4F4B-86FE-F4A4403B98C4}
	EndGlobalSection
EndGlobal
